// !$*UTF8*$!
{
	archiveVersion = 1;
	classes = {
	};
	objectVersion = 50;
	objects = {

/* Begin PBXBuildFile section */
		B740D3C3264C05480058D015 /* MovieBackdropCarouselView.swift in Sources */ = {isa = PBXBuildFile; fileRef = B740D3C2264C05480058D015 /* MovieBackdropCarouselView.swift */; };
		B7A0D95A26493F3500E82911 /* AppDelegate.swift in Sources */ = {isa = PBXBuildFile; fileRef = B7A0D95926493F3500E82911 /* AppDelegate.swift */; };
		B7A0D95C26493F3500E82911 /* SceneDelegate.swift in Sources */ = {isa = PBXBuildFile; fileRef = B7A0D95B26493F3500E82911 /* SceneDelegate.swift */; };
		B7A0D95E26493F3500E82911 /* ContentView.swift in Sources */ = {isa = PBXBuildFile; fileRef = B7A0D95D26493F3500E82911 /* ContentView.swift */; };
		B7A0D96026493F3700E82911 /* Assets.xcassets in Resources */ = {isa = PBXBuildFile; fileRef = B7A0D95F26493F3700E82911 /* Assets.xcassets */; };
		B7A0D96326493F3700E82911 /* Preview Assets.xcassets in Resources */ = {isa = PBXBuildFile; fileRef = B7A0D96226493F3700E82911 /* Preview Assets.xcassets */; };
		B7A0D96626493F3700E82911 /* LaunchScreen.storyboard in Resources */ = {isa = PBXBuildFile; fileRef = B7A0D96426493F3700E82911 /* LaunchScreen.storyboard */; };
		B7A0D96F26493F7300E82911 /* Movie.swift in Sources */ = {isa = PBXBuildFile; fileRef = B7A0D96E26493F7300E82911 /* Movie.swift */; };
		B7A0D9722649408300E82911 /* MovieService.swift in Sources */ = {isa = PBXBuildFile; fileRef = B7A0D9712649408300E82911 /* MovieService.swift */; };
		B7A0D97426494B6500E82911 /* MovieStore.swift in Sources */ = {isa = PBXBuildFile; fileRef = B7A0D97326494B6500E82911 /* MovieStore.swift */; };
		B7A0D97626494C8900E82911 /* Utils.swift in Sources */ = {isa = PBXBuildFile; fileRef = B7A0D97526494C8900E82911 /* Utils.swift */; };
		B7A4A5B7264B90A800C698F8 /* movie_info.json in Resources */ = {isa = PBXBuildFile; fileRef = B7A4A5B4264B90A800C698F8 /* movie_info.json */; };
		B7A4A5B8264B90A800C698F8 /* search_movie.json in Resources */ = {isa = PBXBuildFile; fileRef = B7A4A5B5264B90A800C698F8 /* search_movie.json */; };
		B7A4A5B9264B90A800C698F8 /* movie_list.json in Resources */ = {isa = PBXBuildFile; fileRef = B7A4A5B6264B90A800C698F8 /* movie_list.json */; };
		B7A4A5BB264B921200C698F8 /* Movie+Stub.swift in Sources */ = {isa = PBXBuildFile; fileRef = B7A4A5BA264B921200C698F8 /* Movie+Stub.swift */; };
		B7A4A5BE264B987400C698F8 /* MovieBackdropCard.swift in Sources */ = {isa = PBXBuildFile; fileRef = B7A4A5BD264B987400C698F8 /* MovieBackdropCard.swift */; };
		B7A4A5C1264B98B100C698F8 /* ImageLoader.swift in Sources */ = {isa = PBXBuildFile; fileRef = B7A4A5C0264B98B100C698F8 /* ImageLoader.swift */; };
		B7DF83C7264CF49D00C59398 /* MoviePosterCard.swift in Sources */ = {isa = PBXBuildFile; fileRef = B7DF83C6264CF49D00C59398 /* MoviePosterCard.swift */; };
		B7DF83CB264D00F800C59398 /* MovieListView.swift in Sources */ = {isa = PBXBuildFile; fileRef = B7DF83CA264D00F800C59398 /* MovieListView.swift */; };
		B7E885A2264D984D00DA57FD /* MoviePosterCarouselView.swift in Sources */ = {isa = PBXBuildFile; fileRef = B7E885A1264D984D00DA57FD /* MoviePosterCarouselView.swift */; };
		B7E885A6264D9F7F00DA57FD /* MovieDetailsView.swift in Sources */ = {isa = PBXBuildFile; fileRef = B7E885A5264D9F7F00DA57FD /* MovieDetailsView.swift */; };
		B7E885A8264DBE7700DA57FD /* MovieListState.swift in Sources */ = {isa = PBXBuildFile; fileRef = B7E885A7264DBE7700DA57FD /* MovieListState.swift */; };
		B7E885AC264E338200DA57FD /* ActivityIndicatorView.swift in Sources */ = {isa = PBXBuildFile; fileRef = B7E885AB264E338200DA57FD /* ActivityIndicatorView.swift */; };
		B7E885AE264E367700DA57FD /* LoadingView.swift in Sources */ = {isa = PBXBuildFile; fileRef = B7E885AD264E367700DA57FD /* LoadingView.swift */; };
/* End PBXBuildFile section */

/* Begin PBXFileReference section */
		B740D3C2264C05480058D015 /* MovieBackdropCarouselView.swift */ = {isa = PBXFileReference; lastKnownFileType = sourcecode.swift; path = MovieBackdropCarouselView.swift; sourceTree = "<group>"; };
		B7A0D95626493F3500E82911 /* MovienApp.app */ = {isa = PBXFileReference; explicitFileType = wrapper.application; includeInIndex = 0; path = MovienApp.app; sourceTree = BUILT_PRODUCTS_DIR; };
		B7A0D95926493F3500E82911 /* AppDelegate.swift */ = {isa = PBXFileReference; lastKnownFileType = sourcecode.swift; path = AppDelegate.swift; sourceTree = "<group>"; };
		B7A0D95B26493F3500E82911 /* SceneDelegate.swift */ = {isa = PBXFileReference; lastKnownFileType = sourcecode.swift; path = SceneDelegate.swift; sourceTree = "<group>"; };
		B7A0D95D26493F3500E82911 /* ContentView.swift */ = {isa = PBXFileReference; lastKnownFileType = sourcecode.swift; path = ContentView.swift; sourceTree = "<group>"; };
		B7A0D95F26493F3700E82911 /* Assets.xcassets */ = {isa = PBXFileReference; lastKnownFileType = folder.assetcatalog; path = Assets.xcassets; sourceTree = "<group>"; };
		B7A0D96226493F3700E82911 /* Preview Assets.xcassets */ = {isa = PBXFileReference; lastKnownFileType = folder.assetcatalog; path = "Preview Assets.xcassets"; sourceTree = "<group>"; };
		B7A0D96526493F3700E82911 /* Base */ = {isa = PBXFileReference; lastKnownFileType = file.storyboard; name = Base; path = Base.lproj/LaunchScreen.storyboard; sourceTree = "<group>"; };
		B7A0D96726493F3700E82911 /* Info.plist */ = {isa = PBXFileReference; lastKnownFileType = text.plist.xml; path = Info.plist; sourceTree = "<group>"; };
		B7A0D96E26493F7300E82911 /* Movie.swift */ = {isa = PBXFileReference; lastKnownFileType = sourcecode.swift; path = Movie.swift; sourceTree = "<group>"; };
		B7A0D9712649408300E82911 /* MovieService.swift */ = {isa = PBXFileReference; lastKnownFileType = sourcecode.swift; path = MovieService.swift; sourceTree = "<group>"; };
		B7A0D97326494B6500E82911 /* MovieStore.swift */ = {isa = PBXFileReference; lastKnownFileType = sourcecode.swift; path = MovieStore.swift; sourceTree = "<group>"; };
		B7A0D97526494C8900E82911 /* Utils.swift */ = {isa = PBXFileReference; lastKnownFileType = sourcecode.swift; path = Utils.swift; sourceTree = "<group>"; };
		B7A4A5B4264B90A800C698F8 /* movie_info.json */ = {isa = PBXFileReference; fileEncoding = 4; lastKnownFileType = text.json; name = movie_info.json; path = ../../../../trash/Resources/movie_info.json; sourceTree = "<group>"; };
		B7A4A5B5264B90A800C698F8 /* search_movie.json */ = {isa = PBXFileReference; fileEncoding = 4; lastKnownFileType = text.json; name = search_movie.json; path = ../../../../trash/Resources/search_movie.json; sourceTree = "<group>"; };
		B7A4A5B6264B90A800C698F8 /* movie_list.json */ = {isa = PBXFileReference; fileEncoding = 4; lastKnownFileType = text.json; name = movie_list.json; path = ../../../../trash/Resources/movie_list.json; sourceTree = "<group>"; };
		B7A4A5BA264B921200C698F8 /* Movie+Stub.swift */ = {isa = PBXFileReference; lastKnownFileType = sourcecode.swift; path = "Movie+Stub.swift"; sourceTree = "<group>"; };
		B7A4A5BD264B987400C698F8 /* MovieBackdropCard.swift */ = {isa = PBXFileReference; lastKnownFileType = sourcecode.swift; path = MovieBackdropCard.swift; sourceTree = "<group>"; };
		B7A4A5C0264B98B100C698F8 /* ImageLoader.swift */ = {isa = PBXFileReference; lastKnownFileType = sourcecode.swift; path = ImageLoader.swift; sourceTree = "<group>"; };
		B7DF83C6264CF49D00C59398 /* MoviePosterCard.swift */ = {isa = PBXFileReference; lastKnownFileType = sourcecode.swift; path = MoviePosterCard.swift; sourceTree = "<group>"; };
		B7DF83CA264D00F800C59398 /* MovieListView.swift */ = {isa = PBXFileReference; lastKnownFileType = sourcecode.swift; path = MovieListView.swift; sourceTree = "<group>"; };
		B7E885A1264D984D00DA57FD /* MoviePosterCarouselView.swift */ = {isa = PBXFileReference; lastKnownFileType = sourcecode.swift; path = MoviePosterCarouselView.swift; sourceTree = "<group>"; };
		B7E885A5264D9F7F00DA57FD /* MovieDetailsView.swift */ = {isa = PBXFileReference; lastKnownFileType = sourcecode.swift; path = MovieDetailsView.swift; sourceTree = "<group>"; };
		B7E885A7264DBE7700DA57FD /* MovieListState.swift */ = {isa = PBXFileReference; lastKnownFileType = sourcecode.swift; path = MovieListState.swift; sourceTree = "<group>"; };
		B7E885AB264E338200DA57FD /* ActivityIndicatorView.swift */ = {isa = PBXFileReference; lastKnownFileType = sourcecode.swift; path = ActivityIndicatorView.swift; sourceTree = "<group>"; };
		B7E885AD264E367700DA57FD /* LoadingView.swift */ = {isa = PBXFileReference; lastKnownFileType = sourcecode.swift; path = LoadingView.swift; sourceTree = "<group>"; };
/* End PBXFileReference section */

/* Begin PBXFrameworksBuildPhase section */
		B7A0D95326493F3500E82911 /* Frameworks */ = {
			isa = PBXFrameworksBuildPhase;
			buildActionMask = 2147483647;
			files = (
			);
			runOnlyForDeploymentPostprocessing = 0;
		};
/* End PBXFrameworksBuildPhase section */

/* Begin PBXGroup section */
		B7A0D94D26493F3500E82911 = {
			isa = PBXGroup;
			children = (
				B7A0D95826493F3500E82911 /* MovienApp */,
				B7A0D95726493F3500E82911 /* Products */,
			);
			sourceTree = "<group>";
		};
		B7A0D95726493F3500E82911 /* Products */ = {
			isa = PBXGroup;
			children = (
				B7A0D95626493F3500E82911 /* MovienApp.app */,
			);
			name = Products;
			sourceTree = "<group>";
		};
		B7A0D95826493F3500E82911 /* MovienApp */ = {
			isa = PBXGroup;
			children = (
				B7A4A5BF264B98A300C698F8 /* Bindings */,
				B7A4A5BC264B984A00C698F8 /* Views */,
				B7A4A5B3264B909000C698F8 /* Resources */,
				B7A0D97526494C8900E82911 /* Utils.swift */,
				B7A0D9702649407700E82911 /* Services */,
				B7A0D96D26493F6700E82911 /* Models */,
				B7A0D95926493F3500E82911 /* AppDelegate.swift */,
				B7A0D95B26493F3500E82911 /* SceneDelegate.swift */,
				B7A0D95D26493F3500E82911 /* ContentView.swift */,
				B7A0D95F26493F3700E82911 /* Assets.xcassets */,
				B7A0D96426493F3700E82911 /* LaunchScreen.storyboard */,
				B7A0D96726493F3700E82911 /* Info.plist */,
				B7A0D96126493F3700E82911 /* Preview Content */,
			);
			path = MovienApp;
			sourceTree = "<group>";
		};
		B7A0D96126493F3700E82911 /* Preview Content */ = {
			isa = PBXGroup;
			children = (
				B7A0D96226493F3700E82911 /* Preview Assets.xcassets */,
			);
			path = "Preview Content";
			sourceTree = "<group>";
		};
		B7A0D96D26493F6700E82911 /* Models */ = {
			isa = PBXGroup;
			children = (
				B7A0D96E26493F7300E82911 /* Movie.swift */,
				B7A4A5BA264B921200C698F8 /* Movie+Stub.swift */,
			);
			path = Models;
			sourceTree = "<group>";
		};
		B7A0D9702649407700E82911 /* Services */ = {
			isa = PBXGroup;
			children = (
				B7A0D9712649408300E82911 /* MovieService.swift */,
				B7A0D97326494B6500E82911 /* MovieStore.swift */,
			);
			path = Services;
			sourceTree = "<group>";
		};
		B7A4A5B3264B909000C698F8 /* Resources */ = {
			isa = PBXGroup;
			children = (
				B7A4A5B4264B90A800C698F8 /* movie_info.json */,
				B7A4A5B6264B90A800C698F8 /* movie_list.json */,
				B7A4A5B5264B90A800C698F8 /* search_movie.json */,
			);
			path = Resources;
			sourceTree = "<group>";
		};
		B7A4A5BC264B984A00C698F8 /* Views */ = {
			isa = PBXGroup;
			children = (
				B7E885A9264E335B00DA57FD /* UIKitViews */,
				B7A4A5BD264B987400C698F8 /* MovieBackdropCard.swift */,
				B740D3C2264C05480058D015 /* MovieBackdropCarouselView.swift */,
				B7DF83C6264CF49D00C59398 /* MoviePosterCard.swift */,
				B7DF83CA264D00F800C59398 /* MovieListView.swift */,
				B7E885A1264D984D00DA57FD /* MoviePosterCarouselView.swift */,
				B7E885A5264D9F7F00DA57FD /* MovieDetailsView.swift */,
				B7E885AD264E367700DA57FD /* LoadingView.swift */,
			);
			path = Views;
			sourceTree = "<group>";
		};
		B7A4A5BF264B98A300C698F8 /* Bindings */ = {
			isa = PBXGroup;
			children = (
				B7A4A5C0264B98B100C698F8 /* ImageLoader.swift */,
				B7E885A7264DBE7700DA57FD /* MovieListState.swift */,
			);
			path = Bindings;
			sourceTree = "<group>";
		};
		B7E885A9264E335B00DA57FD /* UIKitViews */ = {
			isa = PBXGroup;
			children = (
				B7E885AB264E338200DA57FD /* ActivityIndicatorView.swift */,
			);
			path = UIKitViews;
			sourceTree = "<group>";
		};
/* End PBXGroup section */

/* Begin PBXNativeTarget section */
		B7A0D95526493F3500E82911 /* MovienApp */ = {
			isa = PBXNativeTarget;
			buildConfigurationList = B7A0D96A26493F3700E82911 /* Build configuration list for PBXNativeTarget "MovienApp" */;
			buildPhases = (
				B7A0D95226493F3500E82911 /* Sources */,
				B7A0D95326493F3500E82911 /* Frameworks */,
				B7A0D95426493F3500E82911 /* Resources */,
			);
			buildRules = (
			);
			dependencies = (
			);
			name = MovienApp;
			productName = MovienApp;
			productReference = B7A0D95626493F3500E82911 /* MovienApp.app */;
			productType = "com.apple.product-type.application";
		};
/* End PBXNativeTarget section */

/* Begin PBXProject section */
		B7A0D94E26493F3500E82911 /* Project object */ = {
			isa = PBXProject;
			attributes = {
				LastSwiftUpdateCheck = 1130;
				LastUpgradeCheck = 1130;
				ORGANIZATIONNAME = kbtu.edu.as1k.kz;
				TargetAttributes = {
					B7A0D95526493F3500E82911 = {
						CreatedOnToolsVersion = 11.3.1;
					};
				};
			};
			buildConfigurationList = B7A0D95126493F3500E82911 /* Build configuration list for PBXProject "MovienApp" */;
			compatibilityVersion = "Xcode 9.3";
			developmentRegion = en;
			hasScannedForEncodings = 0;
			knownRegions = (
				en,
				Base,
			);
			mainGroup = B7A0D94D26493F3500E82911;
			productRefGroup = B7A0D95726493F3500E82911 /* Products */;
			projectDirPath = "";
			projectRoot = "";
			targets = (
				B7A0D95526493F3500E82911 /* MovienApp */,
			);
		};
/* End PBXProject section */

/* Begin PBXResourcesBuildPhase section */
		B7A0D95426493F3500E82911 /* Resources */ = {
			isa = PBXResourcesBuildPhase;
			buildActionMask = 2147483647;
			files = (
				B7A4A5B8264B90A800C698F8 /* search_movie.json in Resources */,
				B7A0D96626493F3700E82911 /* LaunchScreen.storyboard in Resources */,
				B7A0D96326493F3700E82911 /* Preview Assets.xcassets in Resources */,
				B7A4A5B7264B90A800C698F8 /* movie_info.json in Resources */,
				B7A4A5B9264B90A800C698F8 /* movie_list.json in Resources */,
				B7A0D96026493F3700E82911 /* Assets.xcassets in Resources */,
			);
			runOnlyForDeploymentPostprocessing = 0;
		};
/* End PBXResourcesBuildPhase section */

/* Begin PBXSourcesBuildPhase section */
		B7A0D95226493F3500E82911 /* Sources */ = {
			isa = PBXSourcesBuildPhase;
			buildActionMask = 2147483647;
			files = (
				B7A0D95A26493F3500E82911 /* AppDelegate.swift in Sources */,
				B7DF83CB264D00F800C59398 /* MovieListView.swift in Sources */,
				B7A0D95C26493F3500E82911 /* SceneDelegate.swift in Sources */,
				B740D3C3264C05480058D015 /* MovieBackdropCarouselView.swift in Sources */,
				B7DF83C7264CF49D00C59398 /* MoviePosterCard.swift in Sources */,
				B7A4A5C1264B98B100C698F8 /* ImageLoader.swift in Sources */,
				B7A0D96F26493F7300E82911 /* Movie.swift in Sources */,
				B7A0D97626494C8900E82911 /* Utils.swift in Sources */,
				B7A4A5BE264B987400C698F8 /* MovieBackdropCard.swift in Sources */,
				B7E885A6264D9F7F00DA57FD /* MovieDetailsView.swift in Sources */,
				B7A4A5BB264B921200C698F8 /* Movie+Stub.swift in Sources */,
				B7E885A2264D984D00DA57FD /* MoviePosterCarouselView.swift in Sources */,
				B7E885AC264E338200DA57FD /* ActivityIndicatorView.swift in Sources */,
				B7E885A8264DBE7700DA57FD /* MovieListState.swift in Sources */,
				B7A0D95E26493F3500E82911 /* ContentView.swift in Sources */,
				B7A0D9722649408300E82911 /* MovieService.swift in Sources */,
				B7A0D97426494B6500E82911 /* MovieStore.swift in Sources */,
				B7E885AE264E367700DA57FD /* LoadingView.swift in Sources */,
			);
			runOnlyForDeploymentPostprocessing = 0;
		};
/* End PBXSourcesBuildPhase section */

/* Begin PBXVariantGroup section */
		B7A0D96426493F3700E82911 /* LaunchScreen.storyboard */ = {
			isa = PBXVariantGroup;
			children = (
				B7A0D96526493F3700E82911 /* Base */,
			);
			name = LaunchScreen.storyboard;
			sourceTree = "<group>";
		};
/* End PBXVariantGroup section */

/* Begin XCBuildConfiguration section */
		B7A0D96826493F3700E82911 /* Debug */ = {
			isa = XCBuildConfiguration;
			buildSettings = {
				ALWAYS_SEARCH_USER_PATHS = NO;
				CLANG_ANALYZER_NONNULL = YES;
				CLANG_ANALYZER_NUMBER_OBJECT_CONVERSION = YES_AGGRESSIVE;
				CLANG_CXX_LANGUAGE_STANDARD = "gnu++14";
				CLANG_CXX_LIBRARY = "libc++";
				CLANG_ENABLE_MODULES = YES;
				CLANG_ENABLE_OBJC_ARC = YES;
				CLANG_ENABLE_OBJC_WEAK = YES;
				CLANG_WARN_BLOCK_CAPTURE_AUTORELEASING = YES;
				CLANG_WARN_BOOL_CONVERSION = YES;
				CLANG_WARN_COMMA = YES;
				CLANG_WARN_CONSTANT_CONVERSION = YES;
				CLANG_WARN_DEPRECATED_OBJC_IMPLEMENTATIONS = YES;
				CLANG_WARN_DIRECT_OBJC_ISA_USAGE = YES_ERROR;
				CLANG_WARN_DOCUMENTATION_COMMENTS = YES;
				CLANG_WARN_EMPTY_BODY = YES;
				CLANG_WARN_ENUM_CONVERSION = YES;
				CLANG_WARN_INFINITE_RECURSION = YES;
				CLANG_WARN_INT_CONVERSION = YES;
				CLANG_WARN_NON_LITERAL_NULL_CONVERSION = YES;
				CLANG_WARN_OBJC_IMPLICIT_RETAIN_SELF = YES;
				CLANG_WARN_OBJC_LITERAL_CONVERSION = YES;
				CLANG_WARN_OBJC_ROOT_CLASS = YES_ERROR;
				CLANG_WARN_RANGE_LOOP_ANALYSIS = YES;
				CLANG_WARN_STRICT_PROTOTYPES = YES;
				CLANG_WARN_SUSPICIOUS_MOVE = YES;
				CLANG_WARN_UNGUARDED_AVAILABILITY = YES_AGGRESSIVE;
				CLANG_WARN_UNREACHABLE_CODE = YES;
				CLANG_WARN__DUPLICATE_METHOD_MATCH = YES;
				COPY_PHASE_STRIP = NO;
				DEBUG_INFORMATION_FORMAT = dwarf;
				ENABLE_STRICT_OBJC_MSGSEND = YES;
				ENABLE_TESTABILITY = YES;
				GCC_C_LANGUAGE_STANDARD = gnu11;
				GCC_DYNAMIC_NO_PIC = NO;
				GCC_NO_COMMON_BLOCKS = YES;
				GCC_OPTIMIZATION_LEVEL = 0;
				GCC_PREPROCESSOR_DEFINITIONS = (
					"DEBUG=1",
					"$(inherited)",
				);
				GCC_WARN_64_TO_32_BIT_CONVERSION = YES;
				GCC_WARN_ABOUT_RETURN_TYPE = YES_ERROR;
				GCC_WARN_UNDECLARED_SELECTOR = YES;
				GCC_WARN_UNINITIALIZED_AUTOS = YES_AGGRESSIVE;
				GCC_WARN_UNUSED_FUNCTION = YES;
				GCC_WARN_UNUSED_VARIABLE = YES;
				IPHONEOS_DEPLOYMENT_TARGET = 13.2;
				MTL_ENABLE_DEBUG_INFO = INCLUDE_SOURCE;
				MTL_FAST_MATH = YES;
				ONLY_ACTIVE_ARCH = YES;
				SDKROOT = iphoneos;
				SWIFT_ACTIVE_COMPILATION_CONDITIONS = DEBUG;
				SWIFT_OPTIMIZATION_LEVEL = "-Onone";
			};
			name = Debug;
		};
		B7A0D96926493F3700E82911 /* Release */ = {
			isa = XCBuildConfiguration;
			buildSettings = {
				ALWAYS_SEARCH_USER_PATHS = NO;
				CLANG_ANALYZER_NONNULL = YES;
				CLANG_ANALYZER_NUMBER_OBJECT_CONVERSION = YES_AGGRESSIVE;
				CLANG_CXX_LANGUAGE_STANDARD = "gnu++14";
				CLANG_CXX_LIBRARY = "libc++";
				CLANG_ENABLE_MODULES = YES;
				CLANG_ENABLE_OBJC_ARC = YES;
				CLANG_ENABLE_OBJC_WEAK = YES;
				CLANG_WARN_BLOCK_CAPTURE_AUTORELEASING = YES;
				CLANG_WARN_BOOL_CONVERSION = YES;
				CLANG_WARN_COMMA = YES;
				CLANG_WARN_CONSTANT_CONVERSION = YES;
				CLANG_WARN_DEPRECATED_OBJC_IMPLEMENTATIONS = YES;
				CLANG_WARN_DIRECT_OBJC_ISA_USAGE = YES_ERROR;
				CLANG_WARN_DOCUMENTATION_COMMENTS = YES;
				CLANG_WARN_EMPTY_BODY = YES;
				CLANG_WARN_ENUM_CONVERSION = YES;
				CLANG_WARN_INFINITE_RECURSION = YES;
				CLANG_WARN_INT_CONVERSION = YES;
				CLANG_WARN_NON_LITERAL_NULL_CONVERSION = YES;
				CLANG_WARN_OBJC_IMPLICIT_RETAIN_SELF = YES;
				CLANG_WARN_OBJC_LITERAL_CONVERSION = YES;
				CLANG_WARN_OBJC_ROOT_CLASS = YES_ERROR;
				CLANG_WARN_RANGE_LOOP_ANALYSIS = YES;
				CLANG_WARN_STRICT_PROTOTYPES = YES;
				CLANG_WARN_SUSPICIOUS_MOVE = YES;
				CLANG_WARN_UNGUARDED_AVAILABILITY = YES_AGGRESSIVE;
				CLANG_WARN_UNREACHABLE_CODE = YES;
				CLANG_WARN__DUPLICATE_METHOD_MATCH = YES;
				COPY_PHASE_STRIP = NO;
				DEBUG_INFORMATION_FORMAT = "dwarf-with-dsym";
				ENABLE_NS_ASSERTIONS = NO;
				ENABLE_STRICT_OBJC_MSGSEND = YES;
				GCC_C_LANGUAGE_STANDARD = gnu11;
				GCC_NO_COMMON_BLOCKS = YES;
				GCC_WARN_64_TO_32_BIT_CONVERSION = YES;
				GCC_WARN_ABOUT_RETURN_TYPE = YES_ERROR;
				GCC_WARN_UNDECLARED_SELECTOR = YES;
				GCC_WARN_UNINITIALIZED_AUTOS = YES_AGGRESSIVE;
				GCC_WARN_UNUSED_FUNCTION = YES;
				GCC_WARN_UNUSED_VARIABLE = YES;
				IPHONEOS_DEPLOYMENT_TARGET = 13.2;
				MTL_ENABLE_DEBUG_INFO = NO;
				MTL_FAST_MATH = YES;
				SDKROOT = iphoneos;
				SWIFT_COMPILATION_MODE = wholemodule;
				SWIFT_OPTIMIZATION_LEVEL = "-O";
				VALIDATE_PRODUCT = YES;
			};
			name = Release;
		};
		B7A0D96B26493F3700E82911 /* Debug */ = {
			isa = XCBuildConfiguration;
			buildSettings = {
				ASSETCATALOG_COMPILER_APPICON_NAME = AppIcon;
				CODE_SIGN_STYLE = Automatic;
				DEVELOPMENT_ASSET_PATHS = "\"MovienApp/Preview Content\"";
				DEVELOPMENT_TEAM = 7TV6DG68BD;
				ENABLE_PREVIEWS = YES;
				INFOPLIST_FILE = MovienApp/Info.plist;
				LD_RUNPATH_SEARCH_PATHS = (
					"$(inherited)",
					"@executable_path/Frameworks",
				);
				PRODUCT_BUNDLE_IDENTIFIER = com.edu.asik.MovienApp;
				PRODUCT_NAME = "$(TARGET_NAME)";
				SWIFT_VERSION = 5.0;
				TARGETED_DEVICE_FAMILY = "1,2";
			};
			name = Debug;
		};
		B7A0D96C26493F3700E82911 /* Release */ = {
			isa = XCBuildConfiguration;
			buildSettings = {
				ASSETCATALOG_COMPILER_APPICON_NAME = AppIcon;
				CODE_SIGN_STYLE = Automatic;
				DEVELOPMENT_ASSET_PATHS = "\"MovienApp/Preview Content\"";
				DEVELOPMENT_TEAM = 7TV6DG68BD;
				ENABLE_PREVIEWS = YES;
				INFOPLIST_FILE = MovienApp/Info.plist;
				LD_RUNPATH_SEARCH_PATHS = (
					"$(inherited)",
					"@executable_path/Frameworks",
				);
				PRODUCT_BUNDLE_IDENTIFIER = com.edu.asik.MovienApp;
				PRODUCT_NAME = "$(TARGET_NAME)";
				SWIFT_VERSION = 5.0;
				TARGETED_DEVICE_FAMILY = "1,2";
			};
			name = Release;
		};
/* End XCBuildConfiguration section */

/* Begin XCConfigurationList section */
		B7A0D95126493F3500E82911 /* Build configuration list for PBXProject "MovienApp" */ = {
			isa = XCConfigurationList;
			buildConfigurations = (
				B7A0D96826493F3700E82911 /* Debug */,
				B7A0D96926493F3700E82911 /* Release */,
			);
			defaultConfigurationIsVisible = 0;
			defaultConfigurationName = Release;
		};
		B7A0D96A26493F3700E82911 /* Build configuration list for PBXNativeTarget "MovienApp" */ = {
			isa = XCConfigurationList;
			buildConfigurations = (
				B7A0D96B26493F3700E82911 /* Debug */,
				B7A0D96C26493F3700E82911 /* Release */,
			);
			defaultConfigurationIsVisible = 0;
			defaultConfigurationName = Release;
		};
/* End XCConfigurationList section */
	};
	rootObject = B7A0D94E26493F3500E82911 /* Project object */;
}
